// !$*UTF8*$!
{
	archiveVersion = 1;
	classes = {
	};
	objectVersion = 46;
	objects = {

/* Begin PBXBuildFile section */
		0A4CD93A0607C46600B03983 /* WatcherController.h in Headers */ = {isa = PBXBuildFile; fileRef = 0A4CD9380607C46600B03983 /* WatcherController.h */; };
		0A4CD93B0607C46600B03983 /* WatcherController.m in Sources */ = {isa = PBXBuildFile; fileRef = 0A4CD9390607C46600B03983 /* WatcherController.m */; };
		0A4CD9630607CC8E00B03983 /* Globals.h in Headers */ = {isa = PBXBuildFile; fileRef = 0A4CD9620607CC8E00B03983 /* Globals.h */; };
		0AD481D40607EBA0002E583F /* PreferencesController.h in Headers */ = {isa = PBXBuildFile; fileRef = 0AD481D20607EBA0002E583F /* PreferencesController.h */; };
		0AD481D50607EBA0002E583F /* PreferencesController.m in Sources */ = {isa = PBXBuildFile; fileRef = 0AD481D30607EBA0002E583F /* PreferencesController.m */; };
		0AD481E30607F395002E583F /* MyTableView.h in Headers */ = {isa = PBXBuildFile; fileRef = 0AD481E10607F395002E583F /* MyTableView.h */; };
		0AD481E40607F395002E583F /* MyTableView.m in Sources */ = {isa = PBXBuildFile; fileRef = 0AD481E20607F395002E583F /* MyTableView.m */; };
		3C7A704C12B80F7400B767F3 /* MainMenu.xib in Resources */ = {isa = PBXBuildFile; fileRef = 3C7A704712B80E4400B767F3 /* MainMenu.xib */; };
		8D11072B0486CEB800E47090 /* InfoPlist.strings in Resources */ = {isa = PBXBuildFile; fileRef = 089C165CFE840E0CC02AAC07 /* InfoPlist.strings */; };
		8D11072D0486CEB800E47090 /* main.m in Sources */ = {isa = PBXBuildFile; fileRef = 29B97316FDCFA39411CA2CEA /* main.m */; settings = {ATTRIBUTES = (); }; };
		8D11072F0486CEB800E47090 /* Cocoa.framework in Frameworks */ = {isa = PBXBuildFile; fileRef = 1058C7A1FEA54F0111CA2CBB /* Cocoa.framework */; };
/* End PBXBuildFile section */

/* Begin PBXFileReference section */
		089C165DFE840E0CC02AAC07 /* English */ = {isa = PBXFileReference; fileEncoding = 10; lastKnownFileType = text.plist.strings; name = English; path = English.lproj/InfoPlist.strings; sourceTree = "<group>"; };
		0A4CD9380607C46600B03983 /* WatcherController.h */ = {isa = PBXFileReference; fileEncoding = 4; lastKnownFileType = sourcecode.c.h; path = WatcherController.h; sourceTree = "<group>"; };
		0A4CD9390607C46600B03983 /* WatcherController.m */ = {isa = PBXFileReference; fileEncoding = 4; lastKnownFileType = sourcecode.c.objc; path = WatcherController.m; sourceTree = "<group>"; };
		0A4CD9620607CC8E00B03983 /* Globals.h */ = {isa = PBXFileReference; fileEncoding = 4; lastKnownFileType = sourcecode.c.h; path = Globals.h; sourceTree = "<group>"; };
		0AD481D20607EBA0002E583F /* PreferencesController.h */ = {isa = PBXFileReference; fileEncoding = 4; lastKnownFileType = sourcecode.c.h; path = PreferencesController.h; sourceTree = "<group>"; };
		0AD481D30607EBA0002E583F /* PreferencesController.m */ = {isa = PBXFileReference; fileEncoding = 4; lastKnownFileType = sourcecode.c.objc; path = PreferencesController.m; sourceTree = "<group>"; };
		0AD481E10607F395002E583F /* MyTableView.h */ = {isa = PBXFileReference; fileEncoding = 4; lastKnownFileType = sourcecode.c.h; path = MyTableView.h; sourceTree = "<group>"; };
		0AD481E20607F395002E583F /* MyTableView.m */ = {isa = PBXFileReference; fileEncoding = 4; lastKnownFileType = sourcecode.c.objc; path = MyTableView.m; sourceTree = "<group>"; };
		1058C7A1FEA54F0111CA2CBB /* Cocoa.framework */ = {isa = PBXFileReference; lastKnownFileType = wrapper.framework; name = Cocoa.framework; path = /System/Library/Frameworks/Cocoa.framework; sourceTree = "<absolute>"; };
		29B97316FDCFA39411CA2CEA /* main.m */ = {isa = PBXFileReference; fileEncoding = 30; lastKnownFileType = sourcecode.c.objc; path = main.m; sourceTree = "<group>"; };
		3C7A704812B80E4400B767F3 /* English */ = {isa = PBXFileReference; fileEncoding = 4; lastKnownFileType = file.xib; name = English; path = English.lproj/MainMenu.xib; sourceTree = "<group>"; };
		8D1107310486CEB800E47090 /* Info.plist */ = {isa = PBXFileReference; fileEncoding = 4; lastKnownFileType = text.plist; path = Info.plist; sourceTree = "<group>"; };
		8D1107320486CEB800E47090 /* Notification Watcher.app */ = {isa = PBXFileReference; explicitFileType = wrapper.application; includeInIndex = 0; path = "Notification Watcher.app"; sourceTree = BUILT_PRODUCTS_DIR; };
/* End PBXFileReference section */

/* Begin PBXFrameworksBuildPhase section */
		8D11072E0486CEB800E47090 /* Frameworks */ = {
			isa = PBXFrameworksBuildPhase;
			buildActionMask = 2147483647;
			files = (
				8D11072F0486CEB800E47090 /* Cocoa.framework in Frameworks */,
			);
			runOnlyForDeploymentPostprocessing = 0;
		};
/* End PBXFrameworksBuildPhase section */

/* Begin PBXGroup section */
		080E96DDFE201D6D7F000001 /* Classes */ = {
			isa = PBXGroup;
			children = (
				0A4CD9380607C46600B03983 /* WatcherController.h */,
				0A4CD9390607C46600B03983 /* WatcherController.m */,
				0A4CD9620607CC8E00B03983 /* Globals.h */,
				0AD481D20607EBA0002E583F /* PreferencesController.h */,
				0AD481D30607EBA0002E583F /* PreferencesController.m */,
				0AD481E10607F395002E583F /* MyTableView.h */,
				0AD481E20607F395002E583F /* MyTableView.m */,
			);
			name = Classes;
			sourceTree = "<group>";
		};
		19C28FACFE9D520D11CA2CBB /* Products */ = {
			isa = PBXGroup;
			children = (
				8D1107320486CEB800E47090 /* Notification Watcher.app */,
			);
			name = Products;
			sourceTree = "<group>";
		};
		29B97314FDCFA39411CA2CEA /* Notification Watcher */ = {
			isa = PBXGroup;
			children = (
				080E96DDFE201D6D7F000001 /* Classes */,
				29B97315FDCFA39411CA2CEA /* Other Sources */,
				29B97317FDCFA39411CA2CEA /* Resources */,
				29B97323FDCFA39411CA2CEA /* Frameworks */,
				19C28FACFE9D520D11CA2CBB /* Products */,
			);
			name = "Notification Watcher";
			sourceTree = "<group>";
		};
		29B97315FDCFA39411CA2CEA /* Other Sources */ = {
			isa = PBXGroup;
			children = (
				29B97316FDCFA39411CA2CEA /* main.m */,
			);
			name = "Other Sources";
			sourceTree = "<group>";
		};
		29B97317FDCFA39411CA2CEA /* Resources */ = {
			isa = PBXGroup;
			children = (
				3C7A704712B80E4400B767F3 /* MainMenu.xib */,
				8D1107310486CEB800E47090 /* Info.plist */,
				089C165CFE840E0CC02AAC07 /* InfoPlist.strings */,
			);
			name = Resources;
			sourceTree = "<group>";
		};
		29B97323FDCFA39411CA2CEA /* Frameworks */ = {
			isa = PBXGroup;
			children = (
				1058C7A1FEA54F0111CA2CBB /* Cocoa.framework */,
			);
			name = Frameworks;
			sourceTree = "<group>";
		};
/* End PBXGroup section */

/* Begin PBXHeadersBuildPhase section */
		8D1107270486CEB800E47090 /* Headers */ = {
			isa = PBXHeadersBuildPhase;
			buildActionMask = 2147483647;
			files = (
				0A4CD93A0607C46600B03983 /* WatcherController.h in Headers */,
				0A4CD9630607CC8E00B03983 /* Globals.h in Headers */,
				0AD481D40607EBA0002E583F /* PreferencesController.h in Headers */,
				0AD481E30607F395002E583F /* MyTableView.h in Headers */,
			);
			runOnlyForDeploymentPostprocessing = 0;
		};
/* End PBXHeadersBuildPhase section */

/* Begin PBXNativeTarget section */
		8D1107260486CEB800E47090 /* Notification Watcher */ = {
			isa = PBXNativeTarget;
			buildConfigurationList = 0A098E5909AC459F00B0C6CF /* Build configuration list for PBXNativeTarget "Notification Watcher" */;
			buildPhases = (
				8D1107270486CEB800E47090 /* Headers */,
				8D1107290486CEB800E47090 /* Resources */,
				8D11072C0486CEB800E47090 /* Sources */,
				8D11072E0486CEB800E47090 /* Frameworks */,
			);
			buildRules = (
			);
			dependencies = (
			);
			name = "Notification Watcher";
			productInstallPath = "$(HOME)/Applications";
			productName = "Notification Watcher";
			productReference = 8D1107320486CEB800E47090 /* Notification Watcher.app */;
			productType = "com.apple.product-type.application";
		};
/* End PBXNativeTarget section */

/* Begin PBXProject section */
		29B97313FDCFA39411CA2CEA /* Project object */ = {
			isa = PBXProject;
			attributes = {
				LastUpgradeCheck = 0610;
			};
			buildConfigurationList = 0A098E5D09AC459F00B0C6CF /* Build configuration list for PBXProject "Notification Watcher" */;
			compatibilityVersion = "Xcode 3.2";
			developmentRegion = English;
			hasScannedForEncodings = 1;
			knownRegions = (
				en,
				English,
			);
			mainGroup = 29B97314FDCFA39411CA2CEA /* Notification Watcher */;
			projectDirPath = "";
			projectRoot = "";
			targets = (
				8D1107260486CEB800E47090 /* Notification Watcher */,
			);
		};
/* End PBXProject section */

/* Begin PBXResourcesBuildPhase section */
		8D1107290486CEB800E47090 /* Resources */ = {
			isa = PBXResourcesBuildPhase;
			buildActionMask = 2147483647;
			files = (
				8D11072B0486CEB800E47090 /* InfoPlist.strings in Resources */,
				3C7A704C12B80F7400B767F3 /* MainMenu.xib in Resources */,
			);
			runOnlyForDeploymentPostprocessing = 0;
		};
/* End PBXResourcesBuildPhase section */

/* Begin PBXSourcesBuildPhase section */
		8D11072C0486CEB800E47090 /* Sources */ = {
			isa = PBXSourcesBuildPhase;
			buildActionMask = 2147483647;
			files = (
				8D11072D0486CEB800E47090 /* main.m in Sources */,
				0A4CD93B0607C46600B03983 /* WatcherController.m in Sources */,
				0AD481D50607EBA0002E583F /* PreferencesController.m in Sources */,
				0AD481E40607F395002E583F /* MyTableView.m in Sources */,
			);
			runOnlyForDeploymentPostprocessing = 0;
		};
/* End PBXSourcesBuildPhase section */

/* Begin PBXVariantGroup section */
		089C165CFE840E0CC02AAC07 /* InfoPlist.strings */ = {
			isa = PBXVariantGroup;
			children = (
				089C165DFE840E0CC02AAC07 /* English */,
			);
			name = InfoPlist.strings;
			sourceTree = "<group>";
		};
		3C7A704712B80E4400B767F3 /* MainMenu.xib */ = {
			isa = PBXVariantGroup;
			children = (
				3C7A704812B80E4400B767F3 /* English */,
			);
			name = MainMenu.xib;
			sourceTree = "<group>";
		};
/* End PBXVariantGroup section */

/* Begin XCBuildConfiguration section */
		0A098E5A09AC459F00B0C6CF /* Development */ = {
			isa = XCBuildConfiguration;
			buildSettings = {
				COMBINE_HIDPI_IMAGES = YES;
				COPY_PHASE_STRIP = NO;
				GCC_DYNAMIC_NO_PIC = NO;
				GCC_ENABLE_FIX_AND_CONTINUE = YES;
				GCC_GENERATE_DEBUGGING_SYMBOLS = YES;
				GCC_OPTIMIZATION_LEVEL = 0;
				GCC_TREAT_WARNINGS_AS_ERRORS = YES;
				INFOPLIST_FILE = Info.plist;
				PRODUCT_NAME = "Notification Watcher";
				WARNING_CFLAGS = (
					"-Wall",
					"-Wextra",
				);
				WRAPPER_EXTENSION = app;
			};
			name = Development;
		};
		0A098E5C09AC459F00B0C6CF /* Default */ = {
			isa = XCBuildConfiguration;
			buildSettings = {
				COMBINE_HIDPI_IMAGES = YES;
				GCC_GENERATE_DEBUGGING_SYMBOLS = NO;
				GCC_TREAT_WARNINGS_AS_ERRORS = YES;
				INFOPLIST_FILE = Info.plist;
				PRODUCT_NAME = "Notification Watcher";
				WARNING_CFLAGS = (
					"-Wall",
					"-Wextra",
				);
				WRAPPER_EXTENSION = app;
			};
			name = Default;
		};
		0A098E5E09AC459F00B0C6CF /* Development */ = {
			isa = XCBuildConfiguration;
			buildSettings = {
				MACOSX_DEPLOYMENT_TARGET = 10.6;
				SDKROOT = macosx;
			};
			name = Development;
		};
		0A098E6009AC459F00B0C6CF /* Default */ = {
			isa = XCBuildConfiguration;
			buildSettings = {
				MACOSX_DEPLOYMENT_TARGET = 10.6;
				SDKROOT = macosx;
			};
			name = Default;
		};
/* End XCBuildConfiguration section */

/* Begin XCConfigurationList section */
		0A098E5909AC459F00B0C6CF /* Build configuration list for PBXNativeTarget "Notification Watcher" */ = {
			isa = XCConfigurationList;
			buildConfigurations = (
				0A098E5A09AC459F00B0C6CF /* Development */,
				0A098E5C09AC459F00B0C6CF /* Default */,
			);
			defaultConfigurationIsVisible = 0;
			defaultConfigurationName = Default;
		};
		0A098E5D09AC459F00B0C6CF /* Build configuration list for PBXProject "Notification Watcher" */ = {
			isa = XCConfigurationList;
			buildConfigurations = (
				0A098E5E09AC459F00B0C6CF /* Development */,
				0A098E6009AC459F00B0C6CF /* Default */,
			);
			defaultConfigurationIsVisible = 0;
			defaultConfigurationName = Default;
		};
/* End XCConfigurationList section */
	};
	rootObject = 29B97313FDCFA39411CA2CEA /* Project object */;
}
